// !$*UTF8*$!
{
	archiveVersion = 1;
	classes = {
	};
	objectVersion = 46;
	objects = {

/* Begin PBXBuildFile section */
		9A9738B21C7FBC2D00657553 /* main.swift in Sources */ = {isa = PBXBuildFile; fileRef = 9A9738B11C7FBC2D00657553 /* main.swift */; };
		9A9738B91C7FBD6A00657553 /* Arguments.swift in Sources */ = {isa = PBXBuildFile; fileRef = 9A9738B81C7FBD6A00657553 /* Arguments.swift */; };
		9A9738BB1C7FC31400657553 /* Session.swift in Sources */ = {isa = PBXBuildFile; fileRef = 9A9738BA1C7FC31400657553 /* Session.swift */; };
		9A9738BD1C7FC39700657553 /* Response.swift in Sources */ = {isa = PBXBuildFile; fileRef = 9A9738BC1C7FC39700657553 /* Response.swift */; };
		9A9738BF1C80A47400657553 /* Out.swift in Sources */ = {isa = PBXBuildFile; fileRef = 9A9738BE1C80A47400657553 /* Out.swift */; };
		9A9738C11C80C34200657553 /* Endpoint.swift in Sources */ = {isa = PBXBuildFile; fileRef = 9A9738C01C80C34200657553 /* Endpoint.swift */; };
		9A9738C41C80CC3800657553 /* Certificate.swift in Sources */ = {isa = PBXBuildFile; fileRef = 9A9738C31C80CC3800657553 /* Certificate.swift */; };
		9A9738C61C810C2100657553 /* Constants.swift in Sources */ = {isa = PBXBuildFile; fileRef = 9A9738C51C810C2100657553 /* Constants.swift */; };
/* End PBXBuildFile section */

/* Begin PBXCopyFilesBuildPhase section */
		9A9738AC1C7FBC2D00657553 /* CopyFiles */ = {
			isa = PBXCopyFilesBuildPhase;
			buildActionMask = 2147483647;
			dstPath = /usr/share/man/man1/;
			dstSubfolderSpec = 0;
			files = (
			);
			runOnlyForDeploymentPostprocessing = 1;
		};
/* End PBXCopyFilesBuildPhase section */

/* Begin PBXFileReference section */
		9A9738AE1C7FBC2D00657553 /* spyder */ = {isa = PBXFileReference; explicitFileType = "compiled.mach-o.executable"; includeInIndex = 0; path = spyder; sourceTree = BUILT_PRODUCTS_DIR; };
		9A9738B11C7FBC2D00657553 /* main.swift */ = {isa = PBXFileReference; lastKnownFileType = sourcecode.swift; path = main.swift; sourceTree = "<group>"; };
		9A9738B81C7FBD6A00657553 /* Arguments.swift */ = {isa = PBXFileReference; fileEncoding = 4; lastKnownFileType = sourcecode.swift; path = Arguments.swift; sourceTree = "<group>"; };
		9A9738BA1C7FC31400657553 /* Session.swift */ = {isa = PBXFileReference; fileEncoding = 4; lastKnownFileType = sourcecode.swift; path = Session.swift; sourceTree = "<group>"; };
		9A9738BC1C7FC39700657553 /* Response.swift */ = {isa = PBXFileReference; fileEncoding = 4; lastKnownFileType = sourcecode.swift; path = Response.swift; sourceTree = "<group>"; };
		9A9738BE1C80A47400657553 /* Out.swift */ = {isa = PBXFileReference; fileEncoding = 4; lastKnownFileType = sourcecode.swift; path = Out.swift; sourceTree = "<group>"; };
		9A9738C01C80C34200657553 /* Endpoint.swift */ = {isa = PBXFileReference; fileEncoding = 4; lastKnownFileType = sourcecode.swift; path = Endpoint.swift; sourceTree = "<group>"; };
		9A9738C21C80CB4E00657553 /* LICENSE */ = {isa = PBXFileReference; lastKnownFileType = text; path = LICENSE; sourceTree = "<group>"; };
		9A9738C31C80CC3800657553 /* Certificate.swift */ = {isa = PBXFileReference; fileEncoding = 4; lastKnownFileType = sourcecode.swift; path = Certificate.swift; sourceTree = "<group>"; };
		9A9738C51C810C2100657553 /* Constants.swift */ = {isa = PBXFileReference; fileEncoding = 4; lastKnownFileType = sourcecode.swift; name = Constants.swift; path = ../Constants.swift; sourceTree = "<group>"; };
/* End PBXFileReference section */

/* Begin PBXFrameworksBuildPhase section */
		9A9738AB1C7FBC2D00657553 /* Frameworks */ = {
			isa = PBXFrameworksBuildPhase;
			buildActionMask = 2147483647;
			files = (
			);
			runOnlyForDeploymentPostprocessing = 0;
		};
/* End PBXFrameworksBuildPhase section */

/* Begin PBXGroup section */
		9A9738A51C7FBC2D00657553 = {
			isa = PBXGroup;
			children = (
				9A9738C21C80CB4E00657553 /* LICENSE */,
				9A9738B01C7FBC2D00657553 /* Spyder */,
				9A9738AF1C7FBC2D00657553 /* Products */,
			);
			sourceTree = "<group>";
		};
		9A9738AF1C7FBC2D00657553 /* Products */ = {
			isa = PBXGroup;
			children = (
				9A9738AE1C7FBC2D00657553 /* spyder */,
			);
			name = Products;
			sourceTree = "<group>";
		};
		9A9738B01C7FBC2D00657553 /* Spyder */ = {
			isa = PBXGroup;
			children = (
				9A9738C81C83542E00657553 /* Resources */,
				9A9738C71C81107A00657553 /* Classes */,
				9A9738B11C7FBC2D00657553 /* main.swift */,
			);
			path = Spyder;
			sourceTree = "<group>";
		};
		9A9738C71C81107A00657553 /* Classes */ = {
			isa = PBXGroup;
			children = (
				9A9738B81C7FBD6A00657553 /* Arguments.swift */,
				9A9738BA1C7FC31400657553 /* Session.swift */,
				9A9738C31C80CC3800657553 /* Certificate.swift */,
				9A9738BC1C7FC39700657553 /* Response.swift */,
				9A9738C01C80C34200657553 /* Endpoint.swift */,
			);
			name = Classes;
			sourceTree = "<group>";
		};
		9A9738C81C83542E00657553 /* Resources */ = {
			isa = PBXGroup;
			children = (
				9A9738BE1C80A47400657553 /* Out.swift */,
				9A9738C51C810C2100657553 /* Constants.swift */,
			);
			name = Resources;
			sourceTree = "<group>";
		};
/* End PBXGroup section */

/* Begin PBXNativeTarget section */
		9A9738AD1C7FBC2D00657553 /* Spyder */ = {
			isa = PBXNativeTarget;
			buildConfigurationList = 9A9738B51C7FBC2D00657553 /* Build configuration list for PBXNativeTarget "Spyder" */;
			buildPhases = (
				9A9738AA1C7FBC2D00657553 /* Sources */,
				9A9738AB1C7FBC2D00657553 /* Frameworks */,
				9A9738AC1C7FBC2D00657553 /* CopyFiles */,
			);
			buildRules = (
			);
			dependencies = (
			);
			name = Spyder;
			productName = Spyder;
			productReference = 9A9738AE1C7FBC2D00657553 /* spyder */;
			productType = "com.apple.product-type.tool";
		};
/* End PBXNativeTarget section */

/* Begin PBXProject section */
		9A9738A61C7FBC2D00657553 /* Project object */ = {
			isa = PBXProject;
			attributes = {
				LastSwiftUpdateCheck = 0720;
				LastUpgradeCheck = 0720;
				ORGANIZATIONNAME = "Dima Bart";
				TargetAttributes = {
					9A9738AD1C7FBC2D00657553 = {
						CreatedOnToolsVersion = 7.2.1;
					};
				};
			};
			buildConfigurationList = 9A9738A91C7FBC2D00657553 /* Build configuration list for PBXProject "Spyder" */;
			compatibilityVersion = "Xcode 3.2";
			developmentRegion = English;
			hasScannedForEncodings = 0;
			knownRegions = (
				en,
			);
			mainGroup = 9A9738A51C7FBC2D00657553;
			productRefGroup = 9A9738AF1C7FBC2D00657553 /* Products */;
			projectDirPath = "";
			projectRoot = "";
			targets = (
				9A9738AD1C7FBC2D00657553 /* Spyder */,
			);
		};
/* End PBXProject section */

/* Begin PBXSourcesBuildPhase section */
		9A9738AA1C7FBC2D00657553 /* Sources */ = {
			isa = PBXSourcesBuildPhase;
			buildActionMask = 2147483647;
			files = (
				9A9738BD1C7FC39700657553 /* Response.swift in Sources */,
				9A9738C41C80CC3800657553 /* Certificate.swift in Sources */,
				9A9738B91C7FBD6A00657553 /* Arguments.swift in Sources */,
				9A9738BB1C7FC31400657553 /* Session.swift in Sources */,
				9A9738BF1C80A47400657553 /* Out.swift in Sources */,
				9A9738C11C80C34200657553 /* Endpoint.swift in Sources */,
				9A9738C61C810C2100657553 /* Constants.swift in Sources */,
				9A9738B21C7FBC2D00657553 /* main.swift in Sources */,
			);
			runOnlyForDeploymentPostprocessing = 0;
		};
/* End PBXSourcesBuildPhase section */

/* Begin XCBuildConfiguration section */
		9A9738B31C7FBC2D00657553 /* Debug */ = {
			isa = XCBuildConfiguration;
			buildSettings = {
				ALWAYS_SEARCH_USER_PATHS = NO;
				CLANG_CXX_LANGUAGE_STANDARD = "gnu++0x";
				CLANG_CXX_LIBRARY = "libc++";
				CLANG_ENABLE_MODULES = YES;
				CLANG_ENABLE_OBJC_ARC = YES;
				CLANG_WARN_BOOL_CONVERSION = YES;
				CLANG_WARN_CONSTANT_CONVERSION = YES;
				CLANG_WARN_DIRECT_OBJC_ISA_USAGE = YES_ERROR;
				CLANG_WARN_EMPTY_BODY = YES;
				CLANG_WARN_ENUM_CONVERSION = YES;
				CLANG_WARN_INT_CONVERSION = YES;
				CLANG_WARN_OBJC_ROOT_CLASS = YES_ERROR;
				CLANG_WARN_UNREACHABLE_CODE = YES;
				CLANG_WARN__DUPLICATE_METHOD_MATCH = YES;
				CODE_SIGN_IDENTITY = "-";
				COPY_PHASE_STRIP = NO;
				DEBUG_INFORMATION_FORMAT = dwarf;
				ENABLE_STRICT_OBJC_MSGSEND = YES;
				ENABLE_TESTABILITY = YES;
				GCC_C_LANGUAGE_STANDARD = gnu99;
				GCC_DYNAMIC_NO_PIC = NO;
				GCC_NO_COMMON_BLOCKS = YES;
				GCC_OPTIMIZATION_LEVEL = 0;
				GCC_PREPROCESSOR_DEFINITIONS = (
					"DEBUG=1",
					"$(inherited)",
				);
				GCC_WARN_64_TO_32_BIT_CONVERSION = YES;
				GCC_WARN_ABOUT_RETURN_TYPE = YES_ERROR;
				GCC_WARN_UNDECLARED_SELECTOR = YES;
				GCC_WARN_UNINITIALIZED_AUTOS = YES_AGGRESSIVE;
				GCC_WARN_UNUSED_FUNCTION = YES;
				GCC_WARN_UNUSED_VARIABLE = YES;
				MACOSX_DEPLOYMENT_TARGET = 10.11;
				MTL_ENABLE_DEBUG_INFO = YES;
				ONLY_ACTIVE_ARCH = YES;
				SDKROOT = macosx;
				SWIFT_OPTIMIZATION_LEVEL = "-Onone";
			};
			name = Debug;
		};
		9A9738B41C7FBC2D00657553 /* Release */ = {
			isa = XCBuildConfiguration;
			buildSettings = {
				ALWAYS_SEARCH_USER_PATHS = NO;
				CLANG_CXX_LANGUAGE_STANDARD = "gnu++0x";
				CLANG_CXX_LIBRARY = "libc++";
				CLANG_ENABLE_MODULES = YES;
				CLANG_ENABLE_OBJC_ARC = YES;
				CLANG_WARN_BOOL_CONVERSION = YES;
				CLANG_WARN_CONSTANT_CONVERSION = YES;
				CLANG_WARN_DIRECT_OBJC_ISA_USAGE = YES_ERROR;
				CLANG_WARN_EMPTY_BODY = YES;
				CLANG_WARN_ENUM_CONVERSION = YES;
				CLANG_WARN_INT_CONVERSION = YES;
				CLANG_WARN_OBJC_ROOT_CLASS = YES_ERROR;
				CLANG_WARN_UNREACHABLE_CODE = YES;
				CLANG_WARN__DUPLICATE_METHOD_MATCH = YES;
				CODE_SIGN_IDENTITY = "-";
				COPY_PHASE_STRIP = NO;
				DEBUG_INFORMATION_FORMAT = "dwarf-with-dsym";
				ENABLE_NS_ASSERTIONS = NO;
				ENABLE_STRICT_OBJC_MSGSEND = YES;
				GCC_C_LANGUAGE_STANDARD = gnu99;
				GCC_NO_COMMON_BLOCKS = YES;
				GCC_WARN_64_TO_32_BIT_CONVERSION = YES;
				GCC_WARN_ABOUT_RETURN_TYPE = YES_ERROR;
				GCC_WARN_UNDECLARED_SELECTOR = YES;
				GCC_WARN_UNINITIALIZED_AUTOS = YES_AGGRESSIVE;
				GCC_WARN_UNUSED_FUNCTION = YES;
				GCC_WARN_UNUSED_VARIABLE = YES;
				MACOSX_DEPLOYMENT_TARGET = 10.11;
				MTL_ENABLE_DEBUG_INFO = NO;
				SDKROOT = macosx;
			};
			name = Release;
		};
		9A9738B61C7FBC2D00657553 /* Debug */ = {
			isa = XCBuildConfiguration;
			buildSettings = {
				PRODUCT_NAME = spyder;
			};
			name = Debug;
		};
		9A9738B71C7FBC2D00657553 /* Release */ = {
			isa = XCBuildConfiguration;
			buildSettings = {
				PRODUCT_NAME = spyder;
			};
			name = Release;
		};
/* End XCBuildConfiguration section */

/* Begin XCConfigurationList section */
		9A9738A91C7FBC2D00657553 /* Build configuration list for PBXProject "Spyder" */ = {
			isa = XCConfigurationList;
			buildConfigurations = (
				9A9738B31C7FBC2D00657553 /* Debug */,
				9A9738B41C7FBC2D00657553 /* Release */,
			);
			defaultConfigurationIsVisible = 0;
			defaultConfigurationName = Release;
		};
		9A9738B51C7FBC2D00657553 /* Build configuration list for PBXNativeTarget "Spyder" */ = {
			isa = XCConfigurationList;
			buildConfigurations = (
				9A9738B61C7FBC2D00657553 /* Debug */,
				9A9738B71C7FBC2D00657553 /* Release */,
			);
			defaultConfigurationIsVisible = 0;
		};
/* End XCConfigurationList section */
	};
	rootObject = 9A9738A61C7FBC2D00657553 /* Project object */;
}
