// !$*UTF8*$!
{
	archiveVersion = 1;
	classes = {
	};
	objectVersion = 46;
	objects = {

/* Begin PBXBuildFile section */
		9A27FF6820167EB000A5DF6E /* Bloom.framework in Frameworks */ = {isa = PBXBuildFile; fileRef = 9A27FF6220167E9F00A5DF6E /* Bloom.framework */; };
		9A9738B21C7FBC2D00657553 /* main.swift in Sources */ = {isa = PBXBuildFile; fileRef = 9A9738B11C7FBC2D00657553 /* main.swift */; };
		9A9738B91C7FBD6A00657553 /* Arguments.swift in Sources */ = {isa = PBXBuildFile; fileRef = 9A9738B81C7FBD6A00657553 /* Arguments.swift */; };
		9A9738BB1C7FC31400657553 /* Session.swift in Sources */ = {isa = PBXBuildFile; fileRef = 9A9738BA1C7FC31400657553 /* Session.swift */; };
		9A9738BD1C7FC39700657553 /* Response.swift in Sources */ = {isa = PBXBuildFile; fileRef = 9A9738BC1C7FC39700657553 /* Response.swift */; };
		9A9738BF1C80A47400657553 /* Out.swift in Sources */ = {isa = PBXBuildFile; fileRef = 9A9738BE1C80A47400657553 /* Out.swift */; };
		9A9738C11C80C34200657553 /* Endpoint.swift in Sources */ = {isa = PBXBuildFile; fileRef = 9A9738C01C80C34200657553 /* Endpoint.swift */; };
		9A9738C41C80CC3800657553 /* Certificate.swift in Sources */ = {isa = PBXBuildFile; fileRef = 9A9738C31C80CC3800657553 /* Certificate.swift */; };
		9A9738C61C810C2100657553 /* Constants.swift in Sources */ = {isa = PBXBuildFile; fileRef = 9A9738C51C810C2100657553 /* Constants.swift */; };
		9AA51FAF201607B10052AFFB /* Environment.swift in Sources */ = {isa = PBXBuildFile; fileRef = 9AA51FAE201607B10052AFFB /* Environment.swift */; };
		9AA51FB3201608080052AFFB /* ResponseType.swift in Sources */ = {isa = PBXBuildFile; fileRef = 9AA51FB2201608080052AFFB /* ResponseType.swift */; };
		9AA51FB52016082F0052AFFB /* JsonResponse.swift in Sources */ = {isa = PBXBuildFile; fileRef = 9AA51FB42016082F0052AFFB /* JsonResponse.swift */; };
		9AC203CE2013AEA400057858 /* Operation.swift in Sources */ = {isa = PBXBuildFile; fileRef = 9AC203CD2013AEA400057858 /* Operation.swift */; };
		9AC203D02013B28600057858 /* Payload.swift in Sources */ = {isa = PBXBuildFile; fileRef = 9AC203CF2013B28600057858 /* Payload.swift */; };
		9AC203D22014E2DB00057858 /* Headers.swift in Sources */ = {isa = PBXBuildFile; fileRef = 9AC203D12014E2DB00057858 /* Headers.swift */; };
		9AC203DB2014E41B00057858 /* HeadersTests.swift in Sources */ = {isa = PBXBuildFile; fileRef = 9AC203DA2014E41B00057858 /* HeadersTests.swift */; };
		9AC203E02014E54E00057858 /* Out.swift in Sources */ = {isa = PBXBuildFile; fileRef = 9A9738BE1C80A47400657553 /* Out.swift */; };
		9AC203E12014E54E00057858 /* Constants.swift in Sources */ = {isa = PBXBuildFile; fileRef = 9A9738C51C810C2100657553 /* Constants.swift */; };
		9AC203E22014E54E00057858 /* Arguments.swift in Sources */ = {isa = PBXBuildFile; fileRef = 9A9738B81C7FBD6A00657553 /* Arguments.swift */; };
		9AC203E32014E54E00057858 /* Session.swift in Sources */ = {isa = PBXBuildFile; fileRef = 9A9738BA1C7FC31400657553 /* Session.swift */; };
		9AC203E52014E54E00057858 /* Response.swift in Sources */ = {isa = PBXBuildFile; fileRef = 9A9738BC1C7FC39700657553 /* Response.swift */; };
		9AC203E62014E54E00057858 /* Endpoint.swift in Sources */ = {isa = PBXBuildFile; fileRef = 9A9738C01C80C34200657553 /* Endpoint.swift */; };
		9AC203E72014E54E00057858 /* Operation.swift in Sources */ = {isa = PBXBuildFile; fileRef = 9AC203CD2013AEA400057858 /* Operation.swift */; };
		9AC203E82014E54E00057858 /* Headers.swift in Sources */ = {isa = PBXBuildFile; fileRef = 9AC203D12014E2DB00057858 /* Headers.swift */; };
		9AC203E92014E54E00057858 /* Payload.swift in Sources */ = {isa = PBXBuildFile; fileRef = 9AC203CF2013B28600057858 /* Payload.swift */; };
		9AC203EB2014E88600057858 /* RequestDescription.swift in Sources */ = {isa = PBXBuildFile; fileRef = 9AC203EA2014E88600057858 /* RequestDescription.swift */; };
		9AC203EC2014E9B900057858 /* RequestDescription.swift in Sources */ = {isa = PBXBuildFile; fileRef = 9AC203EA2014E88600057858 /* RequestDescription.swift */; };
		9AC203EE2014F84800057858 /* Identity.swift in Sources */ = {isa = PBXBuildFile; fileRef = 9AC203ED2014F84800057858 /* Identity.swift */; };
		9AFF345B1C84B5D300BFD7F4 /* spyder in CopyFiles */ = {isa = PBXBuildFile; fileRef = 9A9738AE1C7FBC2D00657553 /* spyder */; };
/* End PBXBuildFile section */

/* Begin PBXContainerItemProxy section */
		9A27FF5F20167E9F00A5DF6E /* PBXContainerItemProxy */ = {
			isa = PBXContainerItemProxy;
			containerPortal = 9A27FF5920167E9F00A5DF6E /* Bloom.xcodeproj */;
			proxyType = 2;
			remoteGlobalIDString = 9A3827741F5D9DCF0085363F;
			remoteInfo = "Bloom iOS";
		};
		9A27FF6120167E9F00A5DF6E /* PBXContainerItemProxy */ = {
			isa = PBXContainerItemProxy;
			containerPortal = 9A27FF5920167E9F00A5DF6E /* Bloom.xcodeproj */;
			proxyType = 2;
			remoteGlobalIDString = 9A65F9CE1F5E444E00380FA1;
			remoteInfo = "Bloom macOS";
		};
		9A27FF6320167E9F00A5DF6E /* PBXContainerItemProxy */ = {
			isa = PBXContainerItemProxy;
			containerPortal = 9A27FF5920167E9F00A5DF6E /* Bloom.xcodeproj */;
			proxyType = 2;
			remoteGlobalIDString = 9A38277D1F5D9DCF0085363F;
			remoteInfo = BloomTests;
		};
		9A27FF6520167EAB00A5DF6E /* PBXContainerItemProxy */ = {
			isa = PBXContainerItemProxy;
			containerPortal = 9A27FF5920167E9F00A5DF6E /* Bloom.xcodeproj */;
			proxyType = 1;
			remoteGlobalIDString = 9A65F9BB1F5E444E00380FA1;
			remoteInfo = "Bloom macOS";
		};
/* End PBXContainerItemProxy section */

/* Begin PBXCopyFilesBuildPhase section */
		9A9738AC1C7FBC2D00657553 /* CopyFiles */ = {
			isa = PBXCopyFilesBuildPhase;
			buildActionMask = 12;
			dstPath = /usr/local/bin;
			dstSubfolderSpec = 0;
			files = (
				9AFF345B1C84B5D300BFD7F4 /* spyder in CopyFiles */,
			);
			runOnlyForDeploymentPostprocessing = 0;
		};
/* End PBXCopyFilesBuildPhase section */

/* Begin PBXFileReference section */
		9A27FF5920167E9F00A5DF6E /* Bloom.xcodeproj */ = {isa = PBXFileReference; lastKnownFileType = "wrapper.pb-project"; name = Bloom.xcodeproj; path = Dependencies/Bloom/Bloom.xcodeproj; sourceTree = SOURCE_ROOT; };
		9A9738AE1C7FBC2D00657553 /* spyder */ = {isa = PBXFileReference; explicitFileType = "compiled.mach-o.executable"; includeInIndex = 0; path = spyder; sourceTree = BUILT_PRODUCTS_DIR; };
		9A9738B11C7FBC2D00657553 /* main.swift */ = {isa = PBXFileReference; lastKnownFileType = sourcecode.swift; path = main.swift; sourceTree = "<group>"; };
		9A9738B81C7FBD6A00657553 /* Arguments.swift */ = {isa = PBXFileReference; fileEncoding = 4; lastKnownFileType = sourcecode.swift; path = Arguments.swift; sourceTree = "<group>"; };
		9A9738BA1C7FC31400657553 /* Session.swift */ = {isa = PBXFileReference; fileEncoding = 4; lastKnownFileType = sourcecode.swift; path = Session.swift; sourceTree = "<group>"; };
		9A9738BC1C7FC39700657553 /* Response.swift */ = {isa = PBXFileReference; fileEncoding = 4; lastKnownFileType = sourcecode.swift; path = Response.swift; sourceTree = "<group>"; };
		9A9738BE1C80A47400657553 /* Out.swift */ = {isa = PBXFileReference; fileEncoding = 4; lastKnownFileType = sourcecode.swift; path = Out.swift; sourceTree = "<group>"; };
		9A9738C01C80C34200657553 /* Endpoint.swift */ = {isa = PBXFileReference; fileEncoding = 4; lastKnownFileType = sourcecode.swift; path = Endpoint.swift; sourceTree = "<group>"; };
		9A9738C21C80CB4E00657553 /* LICENSE */ = {isa = PBXFileReference; lastKnownFileType = text; path = LICENSE; sourceTree = "<group>"; };
		9A9738C31C80CC3800657553 /* Certificate.swift */ = {isa = PBXFileReference; fileEncoding = 4; lastKnownFileType = sourcecode.swift; path = Certificate.swift; sourceTree = "<group>"; };
		9A9738C51C810C2100657553 /* Constants.swift */ = {isa = PBXFileReference; fileEncoding = 4; lastKnownFileType = sourcecode.swift; path = Constants.swift; sourceTree = "<group>"; };
		9AA51FAE201607B10052AFFB /* Environment.swift */ = {isa = PBXFileReference; lastKnownFileType = sourcecode.swift; path = Environment.swift; sourceTree = "<group>"; };
		9AA51FB2201608080052AFFB /* ResponseType.swift */ = {isa = PBXFileReference; lastKnownFileType = sourcecode.swift; path = ResponseType.swift; sourceTree = "<group>"; };
		9AA51FB42016082F0052AFFB /* JsonResponse.swift */ = {isa = PBXFileReference; lastKnownFileType = sourcecode.swift; path = JsonResponse.swift; sourceTree = "<group>"; };
		9AC203CD2013AEA400057858 /* Operation.swift */ = {isa = PBXFileReference; lastKnownFileType = sourcecode.swift; path = Operation.swift; sourceTree = "<group>"; };
		9AC203CF2013B28600057858 /* Payload.swift */ = {isa = PBXFileReference; lastKnownFileType = sourcecode.swift; path = Payload.swift; sourceTree = "<group>"; };
		9AC203D12014E2DB00057858 /* Headers.swift */ = {isa = PBXFileReference; lastKnownFileType = sourcecode.swift; path = Headers.swift; sourceTree = "<group>"; };
		9AC203D82014E41B00057858 /* Spyder Tests.xctest */ = {isa = PBXFileReference; explicitFileType = wrapper.cfbundle; includeInIndex = 0; path = "Spyder Tests.xctest"; sourceTree = BUILT_PRODUCTS_DIR; };
		9AC203DA2014E41B00057858 /* HeadersTests.swift */ = {isa = PBXFileReference; lastKnownFileType = sourcecode.swift; path = HeadersTests.swift; sourceTree = "<group>"; };
		9AC203DC2014E41B00057858 /* Info.plist */ = {isa = PBXFileReference; lastKnownFileType = text.plist.xml; path = Info.plist; sourceTree = "<group>"; };
		9AC203EA2014E88600057858 /* RequestDescription.swift */ = {isa = PBXFileReference; lastKnownFileType = sourcecode.swift; path = RequestDescription.swift; sourceTree = "<group>"; };
		9AC203ED2014F84800057858 /* Identity.swift */ = {isa = PBXFileReference; lastKnownFileType = sourcecode.swift; path = Identity.swift; sourceTree = "<group>"; };
/* End PBXFileReference section */

/* Begin PBXFrameworksBuildPhase section */
		9A9738AB1C7FBC2D00657553 /* Frameworks */ = {
			isa = PBXFrameworksBuildPhase;
			buildActionMask = 2147483647;
			files = (
				9A27FF6820167EB000A5DF6E /* Bloom.framework in Frameworks */,
			);
			runOnlyForDeploymentPostprocessing = 0;
		};
		9AC203D52014E41B00057858 /* Frameworks */ = {
			isa = PBXFrameworksBuildPhase;
			buildActionMask = 2147483647;
			files = (
			);
			runOnlyForDeploymentPostprocessing = 0;
		};
/* End PBXFrameworksBuildPhase section */

/* Begin PBXGroup section */
		9A27FF5820167E6E00A5DF6E /* Dependencies */ = {
			isa = PBXGroup;
			children = (
				9A27FF5920167E9F00A5DF6E /* Bloom.xcodeproj */,
			);
			name = Dependencies;
			path = "New Group";
			sourceTree = "<group>";
		};
		9A27FF5A20167E9F00A5DF6E /* Products */ = {
			isa = PBXGroup;
			children = (
				9A27FF6020167E9F00A5DF6E /* Bloom.framework */,
				9A27FF6220167E9F00A5DF6E /* Bloom.framework */,
				9A27FF6420167E9F00A5DF6E /* BloomTests.xctest */,
			);
			name = Products;
			sourceTree = "<group>";
		};
		9A27FF6720167EB000A5DF6E /* Frameworks */ = {
			isa = PBXGroup;
			children = (
			);
			name = Frameworks;
			sourceTree = "<group>";
		};
		9A9738A51C7FBC2D00657553 = {
			isa = PBXGroup;
			children = (
				9A9738C21C80CB4E00657553 /* LICENSE */,
				9A27FF5820167E6E00A5DF6E /* Dependencies */,
				9A9738B01C7FBC2D00657553 /* Spyder */,
				9AC203D92014E41B00057858 /* Spyder Tests */,
				9A9738AF1C7FBC2D00657553 /* Products */,
				9A27FF6720167EB000A5DF6E /* Frameworks */,
			);
			sourceTree = "<group>";
		};
		9A9738AF1C7FBC2D00657553 /* Products */ = {
			isa = PBXGroup;
			children = (
				9A9738AE1C7FBC2D00657553 /* spyder */,
				9AC203D82014E41B00057858 /* Spyder Tests.xctest */,
			);
			name = Products;
			sourceTree = "<group>";
		};
		9A9738B01C7FBC2D00657553 /* Spyder */ = {
			isa = PBXGroup;
			children = (
				9A9738C81C83542E00657553 /* Resources */,
				9AA51FB0201607D80052AFFB /* Keychain */,
				9A9738C71C81107A00657553 /* API */,
				9AC203CD2013AEA400057858 /* Operation.swift */,
				9A9738B11C7FBC2D00657553 /* main.swift */,
			);
			path = Spyder;
			sourceTree = "<group>";
		};
		9A9738C71C81107A00657553 /* API */ = {
			isa = PBXGroup;
			children = (
				9A9738BA1C7FC31400657553 /* Session.swift */,
				9A9738B81C7FBD6A00657553 /* Arguments.swift */,
				9AC203D12014E2DB00057858 /* Headers.swift */,
				9AC203EA2014E88600057858 /* RequestDescription.swift */,
				9AA51FB2201608080052AFFB /* ResponseType.swift */,
				9A9738BC1C7FC39700657553 /* Response.swift */,
				9AA51FB42016082F0052AFFB /* JsonResponse.swift */,
				9A9738C01C80C34200657553 /* Endpoint.swift */,
				9AA51FAE201607B10052AFFB /* Environment.swift */,
				9AC203CF2013B28600057858 /* Payload.swift */,
			);
			name = API;
			sourceTree = "<group>";
		};
		9A9738C81C83542E00657553 /* Resources */ = {
			isa = PBXGroup;
			children = (
				9A9738BE1C80A47400657553 /* Out.swift */,
				9A9738C51C810C2100657553 /* Constants.swift */,
			);
			name = Resources;
			sourceTree = "<group>";
		};
		9AA51FB0201607D80052AFFB /* Keychain */ = {
			isa = PBXGroup;
			children = (
				9A9738C31C80CC3800657553 /* Certificate.swift */,
				9AC203ED2014F84800057858 /* Identity.swift */,
			);
			name = Keychain;
			sourceTree = "<group>";
		};
		9AC203D92014E41B00057858 /* Spyder Tests */ = {
			isa = PBXGroup;
			children = (
				9AC203DA2014E41B00057858 /* HeadersTests.swift */,
				9AC203DC2014E41B00057858 /* Info.plist */,
			);
			path = "Spyder Tests";
			sourceTree = "<group>";
		};
/* End PBXGroup section */

/* Begin PBXNativeTarget section */
		9A9738AD1C7FBC2D00657553 /* Spyder */ = {
			isa = PBXNativeTarget;
			buildConfigurationList = 9A9738B51C7FBC2D00657553 /* Build configuration list for PBXNativeTarget "Spyder" */;
			buildPhases = (
				9A9738AA1C7FBC2D00657553 /* Sources */,
				9A9738AB1C7FBC2D00657553 /* Frameworks */,
				9A9738AC1C7FBC2D00657553 /* CopyFiles */,
			);
			buildRules = (
			);
			dependencies = (
				9A27FF6620167EAB00A5DF6E /* PBXTargetDependency */,
			);
			name = Spyder;
			productName = Spyder;
			productReference = 9A9738AE1C7FBC2D00657553 /* spyder */;
			productType = "com.apple.product-type.tool";
		};
		9AC203D72014E41B00057858 /* Spyder Tests */ = {
			isa = PBXNativeTarget;
			buildConfigurationList = 9AC203DD2014E41B00057858 /* Build configuration list for PBXNativeTarget "Spyder Tests" */;
			buildPhases = (
				9AC203D42014E41B00057858 /* Sources */,
				9AC203D52014E41B00057858 /* Frameworks */,
				9AC203D62014E41B00057858 /* Resources */,
			);
			buildRules = (
			);
			dependencies = (
			);
			name = "Spyder Tests";
			productName = "Spyder Tests";
			productReference = 9AC203D82014E41B00057858 /* Spyder Tests.xctest */;
			productType = "com.apple.product-type.bundle.unit-test";
		};
/* End PBXNativeTarget section */

/* Begin PBXProject section */
		9A9738A61C7FBC2D00657553 /* Project object */ = {
			isa = PBXProject;
			attributes = {
				LastSwiftUpdateCheck = 0920;
				LastUpgradeCheck = 0920;
				ORGANIZATIONNAME = "Dima Bart";
				TargetAttributes = {
					9A9738AD1C7FBC2D00657553 = {
						CreatedOnToolsVersion = 7.2.1;
						LastSwiftMigration = 0920;
					};
					9AC203D72014E41B00057858 = {
						CreatedOnToolsVersion = 9.2;
						DevelopmentTeam = MK88G5Q6ZN;
						ProvisioningStyle = Automatic;
					};
				};
			};
			buildConfigurationList = 9A9738A91C7FBC2D00657553 /* Build configuration list for PBXProject "Spyder" */;
			compatibilityVersion = "Xcode 3.2";
			developmentRegion = English;
			hasScannedForEncodings = 0;
			knownRegions = (
				en,
			);
			mainGroup = 9A9738A51C7FBC2D00657553;
			productRefGroup = 9A9738AF1C7FBC2D00657553 /* Products */;
			projectDirPath = "";
			projectReferences = (
				{
					ProductGroup = 9A27FF5A20167E9F00A5DF6E /* Products */;
					ProjectRef = 9A27FF5920167E9F00A5DF6E /* Bloom.xcodeproj */;
				},
			);
			projectRoot = "";
			targets = (
				9A9738AD1C7FBC2D00657553 /* Spyder */,
				9AC203D72014E41B00057858 /* Spyder Tests */,
			);
		};
/* End PBXProject section */

/* Begin PBXReferenceProxy section */
		9A27FF6020167E9F00A5DF6E /* Bloom.framework */ = {
			isa = PBXReferenceProxy;
			fileType = wrapper.framework;
			path = Bloom.framework;
			remoteRef = 9A27FF5F20167E9F00A5DF6E /* PBXContainerItemProxy */;
			sourceTree = BUILT_PRODUCTS_DIR;
		};
		9A27FF6220167E9F00A5DF6E /* Bloom.framework */ = {
			isa = PBXReferenceProxy;
			fileType = wrapper.framework;
			path = Bloom.framework;
			remoteRef = 9A27FF6120167E9F00A5DF6E /* PBXContainerItemProxy */;
			sourceTree = BUILT_PRODUCTS_DIR;
		};
		9A27FF6420167E9F00A5DF6E /* BloomTests.xctest */ = {
			isa = PBXReferenceProxy;
			fileType = wrapper.cfbundle;
			path = BloomTests.xctest;
			remoteRef = 9A27FF6320167E9F00A5DF6E /* PBXContainerItemProxy */;
			sourceTree = BUILT_PRODUCTS_DIR;
		};
/* End PBXReferenceProxy section */

/* Begin PBXResourcesBuildPhase section */
		9AC203D62014E41B00057858 /* Resources */ = {
			isa = PBXResourcesBuildPhase;
			buildActionMask = 2147483647;
			files = (
			);
			runOnlyForDeploymentPostprocessing = 0;
		};
/* End PBXResourcesBuildPhase section */

/* Begin PBXSourcesBuildPhase section */
		9A9738AA1C7FBC2D00657553 /* Sources */ = {
			isa = PBXSourcesBuildPhase;
			buildActionMask = 2147483647;
			files = (
				9AC203EB2014E88600057858 /* RequestDescription.swift in Sources */,
				9A9738BD1C7FC39700657553 /* Response.swift in Sources */,
				9A9738C41C80CC3800657553 /* Certificate.swift in Sources */,
				9AA51FAF201607B10052AFFB /* Environment.swift in Sources */,
				9A9738B91C7FBD6A00657553 /* Arguments.swift in Sources */,
				9A9738BB1C7FC31400657553 /* Session.swift in Sources */,
				9AA51FB52016082F0052AFFB /* JsonResponse.swift in Sources */,
				9A9738BF1C80A47400657553 /* Out.swift in Sources */,
				9AC203EE2014F84800057858 /* Identity.swift in Sources */,
				9AC203CE2013AEA400057858 /* Operation.swift in Sources */,
				9A9738C11C80C34200657553 /* Endpoint.swift in Sources */,
				9A9738C61C810C2100657553 /* Constants.swift in Sources */,
				9AC203D02013B28600057858 /* Payload.swift in Sources */,
				9A9738B21C7FBC2D00657553 /* main.swift in Sources */,
				9AC203D22014E2DB00057858 /* Headers.swift in Sources */,
				9AA51FB3201608080052AFFB /* ResponseType.swift in Sources */,
			);
			runOnlyForDeploymentPostprocessing = 0;
		};
		9AC203D42014E41B00057858 /* Sources */ = {
			isa = PBXSourcesBuildPhase;
			buildActionMask = 2147483647;
			files = (
				9AC203EC2014E9B900057858 /* RequestDescription.swift in Sources */,
				9AC203E82014E54E00057858 /* Headers.swift in Sources */,
				9AC203E32014E54E00057858 /* Session.swift in Sources */,
				9AC203E22014E54E00057858 /* Arguments.swift in Sources */,
				9AC203E62014E54E00057858 /* Endpoint.swift in Sources */,
				9AC203E02014E54E00057858 /* Out.swift in Sources */,
				9AC203E72014E54E00057858 /* Operation.swift in Sources */,
				9AC203E92014E54E00057858 /* Payload.swift in Sources */,
				9AC203DB2014E41B00057858 /* HeadersTests.swift in Sources */,
				9AC203E12014E54E00057858 /* Constants.swift in Sources */,
				9AC203E52014E54E00057858 /* Response.swift in Sources */,
			);
			runOnlyForDeploymentPostprocessing = 0;
		};
/* End PBXSourcesBuildPhase section */

/* Begin PBXTargetDependency section */
		9A27FF6620167EAB00A5DF6E /* PBXTargetDependency */ = {
			isa = PBXTargetDependency;
			name = "Bloom macOS";
			targetProxy = 9A27FF6520167EAB00A5DF6E /* PBXContainerItemProxy */;
		};
/* End PBXTargetDependency section */

/* Begin XCBuildConfiguration section */
		9A9738B31C7FBC2D00657553 /* Debug */ = {
			isa = XCBuildConfiguration;
			buildSettings = {
				ALWAYS_SEARCH_USER_PATHS = NO;
				CLANG_CXX_LANGUAGE_STANDARD = "gnu++0x";
				CLANG_CXX_LIBRARY = "libc++";
				CLANG_ENABLE_MODULES = YES;
				CLANG_ENABLE_OBJC_ARC = YES;
				CLANG_WARN_BLOCK_CAPTURE_AUTORELEASING = YES;
				CLANG_WARN_BOOL_CONVERSION = YES;
				CLANG_WARN_COMMA = YES;
				CLANG_WARN_CONSTANT_CONVERSION = YES;
				CLANG_WARN_DIRECT_OBJC_ISA_USAGE = YES_ERROR;
				CLANG_WARN_EMPTY_BODY = YES;
				CLANG_WARN_ENUM_CONVERSION = YES;
				CLANG_WARN_INFINITE_RECURSION = YES;
				CLANG_WARN_INT_CONVERSION = YES;
				CLANG_WARN_NON_LITERAL_NULL_CONVERSION = YES;
				CLANG_WARN_OBJC_LITERAL_CONVERSION = YES;
				CLANG_WARN_OBJC_ROOT_CLASS = YES_ERROR;
				CLANG_WARN_RANGE_LOOP_ANALYSIS = YES;
				CLANG_WARN_STRICT_PROTOTYPES = YES;
				CLANG_WARN_SUSPICIOUS_MOVE = YES;
				CLANG_WARN_UNREACHABLE_CODE = YES;
				CLANG_WARN__DUPLICATE_METHOD_MATCH = YES;
				CODE_SIGN_IDENTITY = "-";
				COPY_PHASE_STRIP = NO;
				DEBUG_INFORMATION_FORMAT = dwarf;
				ENABLE_STRICT_OBJC_MSGSEND = YES;
				ENABLE_TESTABILITY = YES;
				GCC_C_LANGUAGE_STANDARD = gnu99;
				GCC_DYNAMIC_NO_PIC = NO;
				GCC_NO_COMMON_BLOCKS = YES;
				GCC_OPTIMIZATION_LEVEL = 0;
				GCC_PREPROCESSOR_DEFINITIONS = (
					"DEBUG=1",
					"$(inherited)",
				);
				GCC_WARN_64_TO_32_BIT_CONVERSION = YES;
				GCC_WARN_ABOUT_RETURN_TYPE = YES_ERROR;
				GCC_WARN_UNDECLARED_SELECTOR = YES;
				GCC_WARN_UNINITIALIZED_AUTOS = YES_AGGRESSIVE;
				GCC_WARN_UNUSED_FUNCTION = YES;
				GCC_WARN_UNUSED_VARIABLE = YES;
				MACOSX_DEPLOYMENT_TARGET = 10.11;
				MTL_ENABLE_DEBUG_INFO = YES;
				ONLY_ACTIVE_ARCH = YES;
				SDKROOT = macosx;
				SWIFT_OPTIMIZATION_LEVEL = "-Onone";
			};
			name = Debug;
		};
		9A9738B41C7FBC2D00657553 /* Release */ = {
			isa = XCBuildConfiguration;
			buildSettings = {
				ALWAYS_SEARCH_USER_PATHS = NO;
				CLANG_CXX_LANGUAGE_STANDARD = "gnu++0x";
				CLANG_CXX_LIBRARY = "libc++";
				CLANG_ENABLE_MODULES = YES;
				CLANG_ENABLE_OBJC_ARC = YES;
				CLANG_WARN_BLOCK_CAPTURE_AUTORELEASING = YES;
				CLANG_WARN_BOOL_CONVERSION = YES;
				CLANG_WARN_COMMA = YES;
				CLANG_WARN_CONSTANT_CONVERSION = YES;
				CLANG_WARN_DIRECT_OBJC_ISA_USAGE = YES_ERROR;
				CLANG_WARN_EMPTY_BODY = YES;
				CLANG_WARN_ENUM_CONVERSION = YES;
				CLANG_WARN_INFINITE_RECURSION = YES;
				CLANG_WARN_INT_CONVERSION = YES;
				CLANG_WARN_NON_LITERAL_NULL_CONVERSION = YES;
				CLANG_WARN_OBJC_LITERAL_CONVERSION = YES;
				CLANG_WARN_OBJC_ROOT_CLASS = YES_ERROR;
				CLANG_WARN_RANGE_LOOP_ANALYSIS = YES;
				CLANG_WARN_STRICT_PROTOTYPES = YES;
				CLANG_WARN_SUSPICIOUS_MOVE = YES;
				CLANG_WARN_UNREACHABLE_CODE = YES;
				CLANG_WARN__DUPLICATE_METHOD_MATCH = YES;
				CODE_SIGN_IDENTITY = "-";
				COPY_PHASE_STRIP = NO;
				DEBUG_INFORMATION_FORMAT = "dwarf-with-dsym";
				ENABLE_NS_ASSERTIONS = NO;
				ENABLE_STRICT_OBJC_MSGSEND = YES;
				GCC_C_LANGUAGE_STANDARD = gnu99;
				GCC_NO_COMMON_BLOCKS = YES;
				GCC_WARN_64_TO_32_BIT_CONVERSION = YES;
				GCC_WARN_ABOUT_RETURN_TYPE = YES_ERROR;
				GCC_WARN_UNDECLARED_SELECTOR = YES;
				GCC_WARN_UNINITIALIZED_AUTOS = YES_AGGRESSIVE;
				GCC_WARN_UNUSED_FUNCTION = YES;
				GCC_WARN_UNUSED_VARIABLE = YES;
				MACOSX_DEPLOYMENT_TARGET = 10.11;
				MTL_ENABLE_DEBUG_INFO = NO;
				SDKROOT = macosx;
			};
			name = Release;
		};
		9A9738B61C7FBC2D00657553 /* Debug */ = {
			isa = XCBuildConfiguration;
			buildSettings = {
				PRODUCT_NAME = spyder;
				SWIFT_VERSION = 4.0;
			};
			name = Debug;
		};
		9A9738B71C7FBC2D00657553 /* Release */ = {
			isa = XCBuildConfiguration;
			buildSettings = {
				PRODUCT_NAME = spyder;
				SWIFT_OPTIMIZATION_LEVEL = "-Owholemodule";
				SWIFT_VERSION = 4.0;
			};
			name = Release;
		};
		9AC203DE2014E41B00057858 /* Debug */ = {
			isa = XCBuildConfiguration;
			buildSettings = {
				CLANG_ANALYZER_NONNULL = YES;
				CLANG_ANALYZER_NUMBER_OBJECT_CONVERSION = YES_AGGRESSIVE;
				CLANG_CXX_LANGUAGE_STANDARD = "gnu++14";
				CLANG_WARN_DOCUMENTATION_COMMENTS = YES;
				CLANG_WARN_UNGUARDED_AVAILABILITY = YES_AGGRESSIVE;
				CODE_SIGN_IDENTITY = "Mac Developer";
				CODE_SIGN_STYLE = Automatic;
				COMBINE_HIDPI_IMAGES = YES;
				DEVELOPMENT_TEAM = MK88G5Q6ZN;
				GCC_C_LANGUAGE_STANDARD = gnu11;
				INFOPLIST_FILE = "Spyder Tests/Info.plist";
				LD_RUNPATH_SEARCH_PATHS = "$(inherited) @executable_path/../Frameworks @loader_path/../Frameworks";
				MACOSX_DEPLOYMENT_TARGET = 10.12;
				PRODUCT_BUNDLE_IDENTIFIER = "com.dimabart.Spyder-Tests";
				PRODUCT_NAME = "$(TARGET_NAME)";
				SWIFT_ACTIVE_COMPILATION_CONDITIONS = DEBUG;
				SWIFT_VERSION = 4.0;
			};
			name = Debug;
		};
		9AC203DF2014E41B00057858 /* Release */ = {
			isa = XCBuildConfiguration;
			buildSettings = {
				CLANG_ANALYZER_NONNULL = YES;
				CLANG_ANALYZER_NUMBER_OBJECT_CONVERSION = YES_AGGRESSIVE;
				CLANG_CXX_LANGUAGE_STANDARD = "gnu++14";
				CLANG_WARN_DOCUMENTATION_COMMENTS = YES;
				CLANG_WARN_UNGUARDED_AVAILABILITY = YES_AGGRESSIVE;
				CODE_SIGN_IDENTITY = "Mac Developer";
				CODE_SIGN_STYLE = Automatic;
				COMBINE_HIDPI_IMAGES = YES;
				DEVELOPMENT_TEAM = MK88G5Q6ZN;
				GCC_C_LANGUAGE_STANDARD = gnu11;
				INFOPLIST_FILE = "Spyder Tests/Info.plist";
				LD_RUNPATH_SEARCH_PATHS = "$(inherited) @executable_path/../Frameworks @loader_path/../Frameworks";
				MACOSX_DEPLOYMENT_TARGET = 10.12;
				PRODUCT_BUNDLE_IDENTIFIER = "com.dimabart.Spyder-Tests";
				PRODUCT_NAME = "$(TARGET_NAME)";
				SWIFT_OPTIMIZATION_LEVEL = "-Owholemodule";
				SWIFT_VERSION = 4.0;
			};
			name = Release;
		};
/* End XCBuildConfiguration section */

/* Begin XCConfigurationList section */
		9A9738A91C7FBC2D00657553 /* Build configuration list for PBXProject "Spyder" */ = {
			isa = XCConfigurationList;
			buildConfigurations = (
				9A9738B31C7FBC2D00657553 /* Debug */,
				9A9738B41C7FBC2D00657553 /* Release */,
			);
			defaultConfigurationIsVisible = 0;
			defaultConfigurationName = Release;
		};
		9A9738B51C7FBC2D00657553 /* Build configuration list for PBXNativeTarget "Spyder" */ = {
			isa = XCConfigurationList;
			buildConfigurations = (
				9A9738B61C7FBC2D00657553 /* Debug */,
				9A9738B71C7FBC2D00657553 /* Release */,
			);
			defaultConfigurationIsVisible = 0;
			defaultConfigurationName = Release;
		};
		9AC203DD2014E41B00057858 /* Build configuration list for PBXNativeTarget "Spyder Tests" */ = {
			isa = XCConfigurationList;
			buildConfigurations = (
				9AC203DE2014E41B00057858 /* Debug */,
				9AC203DF2014E41B00057858 /* Release */,
			);
			defaultConfigurationIsVisible = 0;
			defaultConfigurationName = Release;
		};
/* End XCConfigurationList section */
	};
	rootObject = 9A9738A61C7FBC2D00657553 /* Project object */;
}
